{
  "name": "craftycornershop",
  "lockfileVersion": 3,
  "requires": true,
  "packages": {
    "": {
      "dependencies": {
        "posthog-js": "^1.234.10",
        "react-ga4": "^2.1.0"
      }
    },
    "node_modules/core-js": {
      "version": "3.41.0",
      "resolved": "https://registry.npmjs.org/core-js/-/core-js-3.41.0.tgz",
      "integrity": "sha512-SJ4/EHwS36QMJd6h/Rg+GyR4A5xE0FSI3eZ+iBVpfqf1x0eTSg1smWLHrA+2jQThZSh97fmSgFSU8B61nxosxA==",
      "hasInstallScript": true,
      "funding": {
        "type": "opencollective",
        "url": "https://opencollective.com/core-js"
      }
    },
    "node_modules/fflate": {
      "version": "0.4.8",
      "resolved": "https://registry.npmjs.org/fflate/-/fflate-0.4.8.tgz",
      "integrity": "sha512-FJqqoDBR00Mdj9ppamLa/Y7vxm+PRmNWA67N846RvsoYVMKB4q3y/de5PA7gUmRMYK/8CMz2GDZQmCRN1wBcWA=="
    },
    "node_modules/posthog-js": {
      "version": "1.234.10",
      "resolved": "https://registry.npmjs.org/posthog-js/-/posthog-js-1.234.10.tgz",
      "integrity": "sha512-PCwfDtvzuQU1PfMVxZ/G6K9vQmBZvoIlYjE+3e5trycCd70rKJbPKAQX5cg0bI5+z5HZTcUQdq1A/NvDsMFQeA==",
      "dependencies": {
        "core-js": "^3.38.1",
        "fflate": "^0.4.8",
        "preact": "^10.19.3",
        "web-vitals": "^4.2.4"
      },
      "peerDependencies": {
        "@rrweb/types": "2.0.0-alpha.17",
        "rrweb-snapshot": "2.0.0-alpha.17"
      },
      "peerDependenciesMeta": {
        "@rrweb/types": {
          "optional": true
        },
        "rrweb-snapshot": {
          "optional": true
        }
      }
    },
    "node_modules/preact": {
      "version": "10.26.5",
      "resolved": "https://registry.npmjs.org/preact/-/preact-10.26.5.tgz",
      "integrity": "sha512-fmpDkgfGU6JYux9teDWLhj9mKN55tyepwYbxHgQuIxbWQzgFg5vk7Mrrtfx7xRxq798ynkY4DDDxZr235Kk+4w==",
      "funding": {
        "type": "opencollective",
        "url": "https://opencollective.com/preact"
      }
    },
    "node_modules/react-ga4": {
      "version": "2.1.0",
      "resolved": "https://registry.npmjs.org/react-ga4/-/react-ga4-2.1.0.tgz",
      "integrity": "sha512-ZKS7PGNFqqMd3PJ6+C2Jtz/o1iU9ggiy8Y8nUeksgVuvNISbmrQtJiZNvC/TjDsqD0QlU5Wkgs7i+w9+OjHhhQ=="
    },
    "node_modules/web-vitals": {
      "version": "4.2.4",
      "resolved": "https://registry.npmjs.org/web-vitals/-/web-vitals-4.2.4.tgz",
      "integrity": "sha512-r4DIlprAGwJ7YM11VZp4R884m0Vmgr6EAKe3P+kO0PPj3Unqyvv59rczf6UiGcb9Z8QxZVcqKNwv/g0WNdWwsw=="
    }
  }
}
